
Microsoft Visual Studio Solution File, Format Version 12.00
# Visual Studio Version 17
VisualStudioVersion = 17.5.33424.131
MinimumVisualStudioVersion = 10.0.40219.1
Project("{FAE04EC0-301F-11D3-BF4B-00C04F79EFBC}") = "BarberShop", "BarberShop\BarberShop.csproj", "{122E9E08-075D-4871-88C9-94019BCC0835}"
EndProject
Global
	GlobalSection(SolutionConfigurationPlatforms) = preSolution
		Debug|Any CPU = Debug|Any CPU
		Release|Any CPU = Release|Any CPU
	EndGlobalSection
	GlobalSection(ProjectConfigurationPlatforms) = postSolution
		{122E9E08-075D-4871-88C9-94019BCC0835}.Debug|Any CPU.ActiveCfg = Debug|Any CPU
		{122E9E08-075D-4871-88C9-94019BCC0835}.Debug|Any CPU.Build.0 = Debug|Any CPU
		{122E9E08-075D-4871-88C9-94019BCC0835}.Release|Any CPU.ActiveCfg = Release|Any CPU
		{122E9E08-075D-4871-88C9-94019BCC0835}.Release|Any CPU.Build.0 = Release|Any CPU
	EndGlobalSection
	GlobalSection(SolutionProperties) = preSolution
		HideSolutionNode = FALSE
	EndGlobalSection
	GlobalSection(ExtensibilityGlobals) = postSolution
		SolutionGuid = {58ED24DA-8E76-46E3-AF8C-BCCB3BD9BC26}
	EndGlobalSection
EndGlobal
